
Microsoft Visual Studio Solution File, Format Version 12.00
# Visual Studio 15
VisualStudioVersion = 15.0.26430.16
MinimumVisualStudioVersion = 10.0.40219.1
Project("{FAE04EC0-301F-11D3-BF4B-00C04F79EFBC}") = "MicrobitCPA.Android", "MicrobitCPA\MicrobitCPA.Android\MicrobitCPA.Android.csproj", "{8C86A436-1304-46E5-A0D3-8E6A8392D696}"
EndProject
Project("{FAE04EC0-301F-11D3-BF4B-00C04F79EFBC}") = "MicrobitCPA", "MicrobitCPA\MicrobitCPA\MicrobitCPA.csproj", "{093F208E-9DB9-4468-ADCB-EC8AB8FF419F}"
EndProject
Project("{FAE04EC0-301F-11D3-BF4B-00C04F79EFBC}") = "MicrobitCPA.UWP", "MicrobitCPA\MicrobitCPA.UWP\MicrobitCPA.UWP.csproj", "{8FA3ACEF-803C-424A-AAF9-A72E5908F812}"
EndProject
Project("{FAE04EC0-301F-11D3-BF4B-00C04F79EFBC}") = "MicrobitCPA.iOS", "MicrobitCPA\MicrobitCPA.iOS\MicrobitCPA.iOS.csproj", "{55F41C42-72BB-4237-8047-286BF4ED72F6}"
EndProject
Global
	GlobalSection(SolutionConfigurationPlatforms) = preSolution
		Ad-Hoc|Any CPU = Ad-Hoc|Any CPU
		Ad-Hoc|ARM = Ad-Hoc|ARM
		Ad-Hoc|iPhone = Ad-Hoc|iPhone
		Ad-Hoc|iPhoneSimulator = Ad-Hoc|iPhoneSimulator
		Ad-Hoc|x64 = Ad-Hoc|x64
		Ad-Hoc|x86 = Ad-Hoc|x86
		AppStore|Any CPU = AppStore|Any CPU
		AppStore|ARM = AppStore|ARM
		AppStore|iPhone = AppStore|iPhone
		AppStore|iPhoneSimulator = AppStore|iPhoneSimulator
		AppStore|x64 = AppStore|x64
		AppStore|x86 = AppStore|x86
		Debug|Any CPU = Debug|Any CPU
		Debug|ARM = Debug|ARM
		Debug|iPhone = Debug|iPhone
		Debug|iPhoneSimulator = Debug|iPhoneSimulator
		Debug|x64 = Debug|x64
		Debug|x86 = Debug|x86
		Release|Any CPU = Release|Any CPU
		Release|ARM = Release|ARM
		Release|iPhone = Release|iPhone
		Release|iPhoneSimulator = Release|iPhoneSimulator
		Release|x64 = Release|x64
		Release|x86 = Release|x86
	EndGlobalSection
	GlobalSection(ProjectConfigurationPlatforms) = postSolution
		{8C86A436-1304-46E5-A0D3-8E6A8392D696}.Ad-Hoc|Any CPU.ActiveCfg = Release|Any CPU
		{8C86A436-1304-46E5-A0D3-8E6A8392D696}.Ad-Hoc|Any CPU.Build.0 = Release|Any CPU
		{8C86A436-1304-46E5-A0D3-8E6A8392D696}.Ad-Hoc|Any CPU.Deploy.0 = Release|Any CPU
		{8C86A436-1304-46E5-A0D3-8E6A8392D696}.Ad-Hoc|ARM.ActiveCfg = Release|Any CPU
		{8C86A436-1304-46E5-A0D3-8E6A8392D696}.Ad-Hoc|ARM.Build.0 = Release|Any CPU
		{8C86A436-1304-46E5-A0D3-8E6A8392D696}.Ad-Hoc|ARM.Deploy.0 = Release|Any CPU
		{8C86A436-1304-46E5-A0D3-8E6A8392D696}.Ad-Hoc|iPhone.ActiveCfg = Release|Any CPU
		{8C86A436-1304-46E5-A0D3-8E6A8392D696}.Ad-Hoc|iPhone.Build.0 = Release|Any CPU
		{8C86A436-1304-46E5-A0D3-8E6A8392D696}.Ad-Hoc|iPhone.Deploy.0 = Release|Any CPU
		{8C86A436-1304-46E5-A0D3-8E6A8392D696}.Ad-Hoc|iPhoneSimulator.ActiveCfg = Release|Any CPU
		{8C86A436-1304-46E5-A0D3-8E6A8392D696}.Ad-Hoc|iPhoneSimulator.Build.0 = Release|Any CPU
		{8C86A436-1304-46E5-A0D3-8E6A8392D696}.Ad-Hoc|iPhoneSimulator.Deploy.0 = Release|Any CPU
		{8C86A436-1304-46E5-A0D3-8E6A8392D696}.Ad-Hoc|x64.ActiveCfg = Release|Any CPU
		{8C86A436-1304-46E5-A0D3-8E6A8392D696}.Ad-Hoc|x64.Build.0 = Release|Any CPU
		{8C86A436-1304-46E5-A0D3-8E6A8392D696}.Ad-Hoc|x64.Deploy.0 = Release|Any CPU
		{8C86A436-1304-46E5-A0D3-8E6A8392D696}.Ad-Hoc|x86.ActiveCfg = Release|Any CPU
		{8C86A436-1304-46E5-A0D3-8E6A8392D696}.Ad-Hoc|x86.Build.0 = Release|Any CPU
		{8C86A436-1304-46E5-A0D3-8E6A8392D696}.Ad-Hoc|x86.Deploy.0 = Release|Any CPU
		{8C86A436-1304-46E5-A0D3-8E6A8392D696}.AppStore|Any CPU.ActiveCfg = Release|Any CPU
		{8C86A436-1304-46E5-A0D3-8E6A8392D696}.AppStore|Any CPU.Build.0 = Release|Any CPU
		{8C86A436-1304-46E5-A0D3-8E6A8392D696}.AppStore|Any CPU.Deploy.0 = Release|Any CPU
		{8C86A436-1304-46E5-A0D3-8E6A8392D696}.AppStore|ARM.ActiveCfg = Release|Any CPU
		{8C86A436-1304-46E5-A0D3-8E6A8392D696}.AppStore|ARM.Build.0 = Release|Any CPU
		{8C86A436-1304-46E5-A0D3-8E6A8392D696}.AppStore|ARM.Deploy.0 = Release|Any CPU
		{8C86A436-1304-46E5-A0D3-8E6A8392D696}.AppStore|iPhone.ActiveCfg = Release|Any CPU
		{8C86A436-1304-46E5-A0D3-8E6A8392D696}.AppStore|iPhone.Build.0 = Release|Any CPU
		{8C86A436-1304-46E5-A0D3-8E6A8392D696}.AppStore|iPhone.Deploy.0 = Release|Any CPU
		{8C86A436-1304-46E5-A0D3-8E6A8392D696}.AppStore|iPhoneSimulator.ActiveCfg = Release|Any CPU
		{8C86A436-1304-46E5-A0D3-8E6A8392D696}.AppStore|iPhoneSimulator.Build.0 = Release|Any CPU
		{8C86A436-1304-46E5-A0D3-8E6A8392D696}.AppStore|iPhoneSimulator.Deploy.0 = Release|Any CPU
		{8C86A436-1304-46E5-A0D3-8E6A8392D696}.AppStore|x64.ActiveCfg = Release|Any CPU
		{8C86A436-1304-46E5-A0D3-8E6A8392D696}.AppStore|x64.Build.0 = Release|Any CPU
		{8C86A436-1304-46E5-A0D3-8E6A8392D696}.AppStore|x64.Deploy.0 = Release|Any CPU
		{8C86A436-1304-46E5-A0D3-8E6A8392D696}.AppStore|x86.ActiveCfg = Release|Any CPU
		{8C86A436-1304-46E5-A0D3-8E6A8392D696}.AppStore|x86.Build.0 = Release|Any CPU
		{8C86A436-1304-46E5-A0D3-8E6A8392D696}.AppStore|x86.Deploy.0 = Release|Any CPU
		{8C86A436-1304-46E5-A0D3-8E6A8392D696}.Debug|Any CPU.ActiveCfg = Debug|Any CPU
		{8C86A436-1304-46E5-A0D3-8E6A8392D696}.Debug|Any CPU.Build.0 = Debug|Any CPU
		{8C86A436-1304-46E5-A0D3-8E6A8392D696}.Debug|Any CPU.Deploy.0 = Debug|Any CPU
		{8C86A436-1304-46E5-A0D3-8E6A8392D696}.Debug|ARM.ActiveCfg = Debug|Any CPU
		{8C86A436-1304-46E5-A0D3-8E6A8392D696}.Debug|ARM.Build.0 = Debug|Any CPU
		{8C86A436-1304-46E5-A0D3-8E6A8392D696}.Debug|ARM.Deploy.0 = Debug|Any CPU
		{8C86A436-1304-46E5-A0D3-8E6A8392D696}.Debug|iPhone.ActiveCfg = Debug|Any CPU
		{8C86A436-1304-46E5-A0D3-8E6A8392D696}.Debug|iPhone.Build.0 = Debug|Any CPU
		{8C86A436-1304-46E5-A0D3-8E6A8392D696}.Debug|iPhone.Deploy.0 = Debug|Any CPU
		{8C86A436-1304-46E5-A0D3-8E6A8392D696}.Debug|iPhoneSimulator.ActiveCfg = Debug|Any CPU
		{8C86A436-1304-46E5-A0D3-8E6A8392D696}.Debug|iPhoneSimulator.Build.0 = Debug|Any CPU
		{8C86A436-1304-46E5-A0D3-8E6A8392D696}.Debug|iPhoneSimulator.Deploy.0 = Debug|Any CPU
		{8C86A436-1304-46E5-A0D3-8E6A8392D696}.Debug|x64.ActiveCfg = Debug|Any CPU
		{8C86A436-1304-46E5-A0D3-8E6A8392D696}.Debug|x64.Build.0 = Debug|Any CPU
		{8C86A436-1304-46E5-A0D3-8E6A8392D696}.Debug|x64.Deploy.0 = Debug|Any CPU
		{8C86A436-1304-46E5-A0D3-8E6A8392D696}.Debug|x86.ActiveCfg = Debug|Any CPU
		{8C86A436-1304-46E5-A0D3-8E6A8392D696}.Debug|x86.Build.0 = Debug|Any CPU
		{8C86A436-1304-46E5-A0D3-8E6A8392D696}.Debug|x86.Deploy.0 = Debug|Any CPU
		{8C86A436-1304-46E5-A0D3-8E6A8392D696}.Release|Any CPU.ActiveCfg = Release|Any CPU
		{8C86A436-1304-46E5-A0D3-8E6A8392D696}.Release|Any CPU.Build.0 = Release|Any CPU
		{8C86A436-1304-46E5-A0D3-8E6A8392D696}.Release|Any CPU.Deploy.0 = Release|Any CPU
		{8C86A436-1304-46E5-A0D3-8E6A8392D696}.Release|ARM.ActiveCfg = Release|Any CPU
		{8C86A436-1304-46E5-A0D3-8E6A8392D696}.Release|ARM.Build.0 = Release|Any CPU
		{8C86A436-1304-46E5-A0D3-8E6A8392D696}.Release|ARM.Deploy.0 = Release|Any CPU
		{8C86A436-1304-46E5-A0D3-8E6A8392D696}.Release|iPhone.ActiveCfg = Release|Any CPU
		{8C86A436-1304-46E5-A0D3-8E6A8392D696}.Release|iPhone.Build.0 = Release|Any CPU
		{8C86A436-1304-46E5-A0D3-8E6A8392D696}.Release|iPhone.Deploy.0 = Release|Any CPU
		{8C86A436-1304-46E5-A0D3-8E6A8392D696}.Release|iPhoneSimulator.ActiveCfg = Release|Any CPU
		{8C86A436-1304-46E5-A0D3-8E6A8392D696}.Release|iPhoneSimulator.Build.0 = Release|Any CPU
		{8C86A436-1304-46E5-A0D3-8E6A8392D696}.Release|iPhoneSimulator.Deploy.0 = Release|Any CPU
		{8C86A436-1304-46E5-A0D3-8E6A8392D696}.Release|x64.ActiveCfg = Release|Any CPU
		{8C86A436-1304-46E5-A0D3-8E6A8392D696}.Release|x64.Build.0 = Release|Any CPU
		{8C86A436-1304-46E5-A0D3-8E6A8392D696}.Release|x64.Deploy.0 = Release|Any CPU
		{8C86A436-1304-46E5-A0D3-8E6A8392D696}.Release|x86.ActiveCfg = Release|Any CPU
		{8C86A436-1304-46E5-A0D3-8E6A8392D696}.Release|x86.Build.0 = Release|Any CPU
		{8C86A436-1304-46E5-A0D3-8E6A8392D696}.Release|x86.Deploy.0 = Release|Any CPU
		{093F208E-9DB9-4468-ADCB-EC8AB8FF419F}.Ad-Hoc|Any CPU.ActiveCfg = Release|Any CPU
		{093F208E-9DB9-4468-ADCB-EC8AB8FF419F}.Ad-Hoc|Any CPU.Build.0 = Release|Any CPU
		{093F208E-9DB9-4468-ADCB-EC8AB8FF419F}.Ad-Hoc|ARM.ActiveCfg = Release|Any CPU
		{093F208E-9DB9-4468-ADCB-EC8AB8FF419F}.Ad-Hoc|ARM.Build.0 = Release|Any CPU
		{093F208E-9DB9-4468-ADCB-EC8AB8FF419F}.Ad-Hoc|iPhone.ActiveCfg = Release|Any CPU
		{093F208E-9DB9-4468-ADCB-EC8AB8FF419F}.Ad-Hoc|iPhone.Build.0 = Release|Any CPU
		{093F208E-9DB9-4468-ADCB-EC8AB8FF419F}.Ad-Hoc|iPhoneSimulator.ActiveCfg = Release|Any CPU
		{093F208E-9DB9-4468-ADCB-EC8AB8FF419F}.Ad-Hoc|iPhoneSimulator.Build.0 = Release|Any CPU
		{093F208E-9DB9-4468-ADCB-EC8AB8FF419F}.Ad-Hoc|x64.ActiveCfg = Release|Any CPU
		{093F208E-9DB9-4468-ADCB-EC8AB8FF419F}.Ad-Hoc|x64.Build.0 = Release|Any CPU
		{093F208E-9DB9-4468-ADCB-EC8AB8FF419F}.Ad-Hoc|x86.ActiveCfg = Release|Any CPU
		{093F208E-9DB9-4468-ADCB-EC8AB8FF419F}.Ad-Hoc|x86.Build.0 = Release|Any CPU
		{093F208E-9DB9-4468-ADCB-EC8AB8FF419F}.AppStore|Any CPU.ActiveCfg = Release|Any CPU
		{093F208E-9DB9-4468-ADCB-EC8AB8FF419F}.AppStore|Any CPU.Build.0 = Release|Any CPU
		{093F208E-9DB9-4468-ADCB-EC8AB8FF419F}.AppStore|ARM.ActiveCfg = Release|Any CPU
		{093F208E-9DB9-4468-ADCB-EC8AB8FF419F}.AppStore|ARM.Build.0 = Release|Any CPU
		{093F208E-9DB9-4468-ADCB-EC8AB8FF419F}.AppStore|iPhone.ActiveCfg = Release|Any CPU
		{093F208E-9DB9-4468-ADCB-EC8AB8FF419F}.AppStore|iPhone.Build.0 = Release|Any CPU
		{093F208E-9DB9-4468-ADCB-EC8AB8FF419F}.AppStore|iPhoneSimulator.ActiveCfg = Release|Any CPU
		{093F208E-9DB9-4468-ADCB-EC8AB8FF419F}.AppStore|iPhoneSimulator.Build.0 = Release|Any CPU
		{093F208E-9DB9-4468-ADCB-EC8AB8FF419F}.AppStore|x64.ActiveCfg = Release|Any CPU
		{093F208E-9DB9-4468-ADCB-EC8AB8FF419F}.AppStore|x64.Build.0 = Release|Any CPU
		{093F208E-9DB9-4468-ADCB-EC8AB8FF419F}.AppStore|x86.ActiveCfg = Release|Any CPU
		{093F208E-9DB9-4468-ADCB-EC8AB8FF419F}.AppStore|x86.Build.0 = Release|Any CPU
		{093F208E-9DB9-4468-ADCB-EC8AB8FF419F}.Debug|Any CPU.ActiveCfg = Debug|Any CPU
		{093F208E-9DB9-4468-ADCB-EC8AB8FF419F}.Debug|Any CPU.Build.0 = Debug|Any CPU
		{093F208E-9DB9-4468-ADCB-EC8AB8FF419F}.Debug|ARM.ActiveCfg = Debug|Any CPU
		{093F208E-9DB9-4468-ADCB-EC8AB8FF419F}.Debug|ARM.Build.0 = Debug|Any CPU
		{093F208E-9DB9-4468-ADCB-EC8AB8FF419F}.Debug|iPhone.ActiveCfg = Debug|Any CPU
		{093F208E-9DB9-4468-ADCB-EC8AB8FF419F}.Debug|iPhone.Build.0 = Debug|Any CPU
		{093F208E-9DB9-4468-ADCB-EC8AB8FF419F}.Debug|iPhoneSimulator.ActiveCfg = Debug|Any CPU
		{093F208E-9DB9-4468-ADCB-EC8AB8FF419F}.Debug|iPhoneSimulator.Build.0 = Debug|Any CPU
		{093F208E-9DB9-4468-ADCB-EC8AB8FF419F}.Debug|x64.ActiveCfg = Debug|Any CPU
		{093F208E-9DB9-4468-ADCB-EC8AB8FF419F}.Debug|x64.Build.0 = Debug|Any CPU
		{093F208E-9DB9-4468-ADCB-EC8AB8FF419F}.Debug|x86.ActiveCfg = Debug|Any CPU
		{093F208E-9DB9-4468-ADCB-EC8AB8FF419F}.Debug|x86.Build.0 = Debug|Any CPU
		{093F208E-9DB9-4468-ADCB-EC8AB8FF419F}.Release|Any CPU.ActiveCfg = Release|Any CPU
		{093F208E-9DB9-4468-ADCB-EC8AB8FF419F}.Release|Any CPU.Build.0 = Release|Any CPU
		{093F208E-9DB9-4468-ADCB-EC8AB8FF419F}.Release|ARM.ActiveCfg = Release|Any CPU
		{093F208E-9DB9-4468-ADCB-EC8AB8FF419F}.Release|ARM.Build.0 = Release|Any CPU
		{093F208E-9DB9-4468-ADCB-EC8AB8FF419F}.Release|iPhone.ActiveCfg = Release|Any CPU
		{093F208E-9DB9-4468-ADCB-EC8AB8FF419F}.Release|iPhone.Build.0 = Release|Any CPU
		{093F208E-9DB9-4468-ADCB-EC8AB8FF419F}.Release|iPhoneSimulator.ActiveCfg = Release|Any CPU
		{093F208E-9DB9-4468-ADCB-EC8AB8FF419F}.Release|iPhoneSimulator.Build.0 = Release|Any CPU
		{093F208E-9DB9-4468-ADCB-EC8AB8FF419F}.Release|x64.ActiveCfg = Release|Any CPU
		{093F208E-9DB9-4468-ADCB-EC8AB8FF419F}.Release|x64.Build.0 = Release|Any CPU
		{093F208E-9DB9-4468-ADCB-EC8AB8FF419F}.Release|x86.ActiveCfg = Release|Any CPU
		{093F208E-9DB9-4468-ADCB-EC8AB8FF419F}.Release|x86.Build.0 = Release|Any CPU
		{8FA3ACEF-803C-424A-AAF9-A72E5908F812}.Ad-Hoc|Any CPU.ActiveCfg = Release|x86
		{8FA3ACEF-803C-424A-AAF9-A72E5908F812}.Ad-Hoc|Any CPU.Build.0 = Release|x86
		{8FA3ACEF-803C-424A-AAF9-A72E5908F812}.Ad-Hoc|Any CPU.Deploy.0 = Release|x86
		{8FA3ACEF-803C-424A-AAF9-A72E5908F812}.Ad-Hoc|ARM.ActiveCfg = Release|ARM
		{8FA3ACEF-803C-424A-AAF9-A72E5908F812}.Ad-Hoc|ARM.Build.0 = Release|ARM
		{8FA3ACEF-803C-424A-AAF9-A72E5908F812}.Ad-Hoc|ARM.Deploy.0 = Release|ARM
		{8FA3ACEF-803C-424A-AAF9-A72E5908F812}.Ad-Hoc|iPhone.ActiveCfg = Release|x86
		{8FA3ACEF-803C-424A-AAF9-A72E5908F812}.Ad-Hoc|iPhone.Build.0 = Release|x86
		{8FA3ACEF-803C-424A-AAF9-A72E5908F812}.Ad-Hoc|iPhone.Deploy.0 = Release|x86
		{8FA3ACEF-803C-424A-AAF9-A72E5908F812}.Ad-Hoc|iPhoneSimulator.ActiveCfg = Release|x86
		{8FA3ACEF-803C-424A-AAF9-A72E5908F812}.Ad-Hoc|iPhoneSimulator.Build.0 = Release|x86
		{8FA3ACEF-803C-424A-AAF9-A72E5908F812}.Ad-Hoc|iPhoneSimulator.Deploy.0 = Release|x86
		{8FA3ACEF-803C-424A-AAF9-A72E5908F812}.Ad-Hoc|x64.ActiveCfg = Release|x64
		{8FA3ACEF-803C-424A-AAF9-A72E5908F812}.Ad-Hoc|x64.Build.0 = Release|x64
		{8FA3ACEF-803C-424A-AAF9-A72E5908F812}.Ad-Hoc|x64.Deploy.0 = Release|x64
		{8FA3ACEF-803C-424A-AAF9-A72E5908F812}.Ad-Hoc|x86.ActiveCfg = Release|x86
		{8FA3ACEF-803C-424A-AAF9-A72E5908F812}.Ad-Hoc|x86.Build.0 = Release|x86
		{8FA3ACEF-803C-424A-AAF9-A72E5908F812}.Ad-Hoc|x86.Deploy.0 = Release|x86
		{8FA3ACEF-803C-424A-AAF9-A72E5908F812}.AppStore|Any CPU.ActiveCfg = Release|x86
		{8FA3ACEF-803C-424A-AAF9-A72E5908F812}.AppStore|Any CPU.Build.0 = Release|x86
		{8FA3ACEF-803C-424A-AAF9-A72E5908F812}.AppStore|Any CPU.Deploy.0 = Release|x86
		{8FA3ACEF-803C-424A-AAF9-A72E5908F812}.AppStore|ARM.ActiveCfg = Release|ARM
		{8FA3ACEF-803C-424A-AAF9-A72E5908F812}.AppStore|ARM.Build.0 = Release|ARM
		{8FA3ACEF-803C-424A-AAF9-A72E5908F812}.AppStore|ARM.Deploy.0 = Release|ARM
		{8FA3ACEF-803C-424A-AAF9-A72E5908F812}.AppStore|iPhone.ActiveCfg = Release|x86
		{8FA3ACEF-803C-424A-AAF9-A72E5908F812}.AppStore|iPhone.Build.0 = Release|x86
		{8FA3ACEF-803C-424A-AAF9-A72E5908F812}.AppStore|iPhone.Deploy.0 = Release|x86
		{8FA3ACEF-803C-424A-AAF9-A72E5908F812}.AppStore|iPhoneSimulator.ActiveCfg = Release|x86
		{8FA3ACEF-803C-424A-AAF9-A72E5908F812}.AppStore|iPhoneSimulator.Build.0 = Release|x86
		{8FA3ACEF-803C-424A-AAF9-A72E5908F812}.AppStore|iPhoneSimulator.Deploy.0 = Release|x86
		{8FA3ACEF-803C-424A-AAF9-A72E5908F812}.AppStore|x64.ActiveCfg = Release|x64
		{8FA3ACEF-803C-424A-AAF9-A72E5908F812}.AppStore|x64.Build.0 = Release|x64
		{8FA3ACEF-803C-424A-AAF9-A72E5908F812}.AppStore|x64.Deploy.0 = Release|x64
		{8FA3ACEF-803C-424A-AAF9-A72E5908F812}.AppStore|x86.ActiveCfg = Release|x86
		{8FA3ACEF-803C-424A-AAF9-A72E5908F812}.AppStore|x86.Build.0 = Release|x86
		{8FA3ACEF-803C-424A-AAF9-A72E5908F812}.AppStore|x86.Deploy.0 = Release|x86
		{8FA3ACEF-803C-424A-AAF9-A72E5908F812}.Debug|Any CPU.ActiveCfg = Debug|x86
		{8FA3ACEF-803C-424A-AAF9-A72E5908F812}.Debug|ARM.ActiveCfg = Debug|ARM
		{8FA3ACEF-803C-424A-AAF9-A72E5908F812}.Debug|ARM.Build.0 = Debug|ARM
		{8FA3ACEF-803C-424A-AAF9-A72E5908F812}.Debug|ARM.Deploy.0 = Debug|ARM
		{8FA3ACEF-803C-424A-AAF9-A72E5908F812}.Debug|iPhone.ActiveCfg = Debug|x86
		{8FA3ACEF-803C-424A-AAF9-A72E5908F812}.Debug|iPhoneSimulator.ActiveCfg = Debug|x86
		{8FA3ACEF-803C-424A-AAF9-A72E5908F812}.Debug|x64.ActiveCfg = Debug|x64
		{8FA3ACEF-803C-424A-AAF9-A72E5908F812}.Debug|x64.Build.0 = Debug|x64
		{8FA3ACEF-803C-424A-AAF9-A72E5908F812}.Debug|x64.Deploy.0 = Debug|x64
		{8FA3ACEF-803C-424A-AAF9-A72E5908F812}.Debug|x86.ActiveCfg = Debug|x86
		{8FA3ACEF-803C-424A-AAF9-A72E5908F812}.Debug|x86.Build.0 = Debug|x86
		{8FA3ACEF-803C-424A-AAF9-A72E5908F812}.Debug|x86.Deploy.0 = Debug|x86
		{8FA3ACEF-803C-424A-AAF9-A72E5908F812}.Release|Any CPU.ActiveCfg = Release|x86
		{8FA3ACEF-803C-424A-AAF9-A72E5908F812}.Release|ARM.ActiveCfg = Release|ARM
		{8FA3ACEF-803C-424A-AAF9-A72E5908F812}.Release|ARM.Build.0 = Release|ARM
		{8FA3ACEF-803C-424A-AAF9-A72E5908F812}.Release|ARM.Deploy.0 = Release|ARM
		{8FA3ACEF-803C-424A-AAF9-A72E5908F812}.Release|iPhone.ActiveCfg = Release|x86
		{8FA3ACEF-803C-424A-AAF9-A72E5908F812}.Release|iPhoneSimulator.ActiveCfg = Release|x86
		{8FA3ACEF-803C-424A-AAF9-A72E5908F812}.Release|x64.ActiveCfg = Release|x64
		{8FA3ACEF-803C-424A-AAF9-A72E5908F812}.Release|x64.Build.0 = Release|x64
		{8FA3ACEF-803C-424A-AAF9-A72E5908F812}.Release|x64.Deploy.0 = Release|x64
		{8FA3ACEF-803C-424A-AAF9-A72E5908F812}.Release|x86.ActiveCfg = Release|x86
		{8FA3ACEF-803C-424A-AAF9-A72E5908F812}.Release|x86.Build.0 = Release|x86
		{8FA3ACEF-803C-424A-AAF9-A72E5908F812}.Release|x86.Deploy.0 = Release|x86
		{55F41C42-72BB-4237-8047-286BF4ED72F6}.Ad-Hoc|Any CPU.ActiveCfg = Ad-Hoc|iPhone
		{55F41C42-72BB-4237-8047-286BF4ED72F6}.Ad-Hoc|ARM.ActiveCfg = Ad-Hoc|iPhone
		{55F41C42-72BB-4237-8047-286BF4ED72F6}.Ad-Hoc|iPhone.ActiveCfg = Ad-Hoc|iPhone
		{55F41C42-72BB-4237-8047-286BF4ED72F6}.Ad-Hoc|iPhone.Build.0 = Ad-Hoc|iPhone
		{55F41C42-72BB-4237-8047-286BF4ED72F6}.Ad-Hoc|iPhoneSimulator.ActiveCfg = Ad-Hoc|iPhoneSimulator
		{55F41C42-72BB-4237-8047-286BF4ED72F6}.Ad-Hoc|iPhoneSimulator.Build.0 = Ad-Hoc|iPhoneSimulator
		{55F41C42-72BB-4237-8047-286BF4ED72F6}.Ad-Hoc|x64.ActiveCfg = Ad-Hoc|iPhone
		{55F41C42-72BB-4237-8047-286BF4ED72F6}.Ad-Hoc|x86.ActiveCfg = Ad-Hoc|iPhone
		{55F41C42-72BB-4237-8047-286BF4ED72F6}.AppStore|Any CPU.ActiveCfg = AppStore|iPhone
		{55F41C42-72BB-4237-8047-286BF4ED72F6}.AppStore|ARM.ActiveCfg = AppStore|iPhone
		{55F41C42-72BB-4237-8047-286BF4ED72F6}.AppStore|iPhone.ActiveCfg = AppStore|iPhone
		{55F41C42-72BB-4237-8047-286BF4ED72F6}.AppStore|iPhone.Build.0 = AppStore|iPhone
		{55F41C42-72BB-4237-8047-286BF4ED72F6}.AppStore|iPhoneSimulator.ActiveCfg = AppStore|iPhoneSimulator
		{55F41C42-72BB-4237-8047-286BF4ED72F6}.AppStore|iPhoneSimulator.Build.0 = AppStore|iPhoneSimulator
		{55F41C42-72BB-4237-8047-286BF4ED72F6}.AppStore|x64.ActiveCfg = AppStore|iPhone
		{55F41C42-72BB-4237-8047-286BF4ED72F6}.AppStore|x86.ActiveCfg = AppStore|iPhone
		{55F41C42-72BB-4237-8047-286BF4ED72F6}.Debug|Any CPU.ActiveCfg = Debug|iPhone
		{55F41C42-72BB-4237-8047-286BF4ED72F6}.Debug|ARM.ActiveCfg = Debug|iPhone
		{55F41C42-72BB-4237-8047-286BF4ED72F6}.Debug|iPhone.ActiveCfg = Debug|iPhone
		{55F41C42-72BB-4237-8047-286BF4ED72F6}.Debug|iPhone.Build.0 = Debug|iPhone
		{55F41C42-72BB-4237-8047-286BF4ED72F6}.Debug|iPhoneSimulator.ActiveCfg = Debug|iPhoneSimulator
		{55F41C42-72BB-4237-8047-286BF4ED72F6}.Debug|iPhoneSimulator.Build.0 = Debug|iPhoneSimulator
		{55F41C42-72BB-4237-8047-286BF4ED72F6}.Debug|x64.ActiveCfg = Debug|iPhone
		{55F41C42-72BB-4237-8047-286BF4ED72F6}.Debug|x86.ActiveCfg = Debug|iPhone
		{55F41C42-72BB-4237-8047-286BF4ED72F6}.Release|Any CPU.ActiveCfg = Release|iPhone
		{55F41C42-72BB-4237-8047-286BF4ED72F6}.Release|ARM.ActiveCfg = Release|iPhone
		{55F41C42-72BB-4237-8047-286BF4ED72F6}.Release|iPhone.ActiveCfg = Release|iPhone
		{55F41C42-72BB-4237-8047-286BF4ED72F6}.Release|iPhone.Build.0 = Release|iPhone
		{55F41C42-72BB-4237-8047-286BF4ED72F6}.Release|iPhoneSimulator.ActiveCfg = Release|iPhoneSimulator
		{55F41C42-72BB-4237-8047-286BF4ED72F6}.Release|iPhoneSimulator.Build.0 = Release|iPhoneSimulator
		{55F41C42-72BB-4237-8047-286BF4ED72F6}.Release|x64.ActiveCfg = Release|iPhone
		{55F41C42-72BB-4237-8047-286BF4ED72F6}.Release|x86.ActiveCfg = Release|iPhone
	EndGlobalSection
	GlobalSection(SolutionProperties) = preSolution
		HideSolutionNode = FALSE
	EndGlobalSection
EndGlobal
