
Microsoft Visual Studio Solution File, Format Version 12.00
# Visual Studio 15
VisualStudioVersion = 15.0.26430.16
MinimumVisualStudioVersion = 10.0.40219.1
Project("{D954291E-2A0B-460D-934E-DC6B0785DB48}") = "Microbit.CPA", "Microbit.CPA\Microbit.CPA\Microbit.CPA.shproj", "{7BAEC4DF-57EB-4357-A1F4-65AEC696AD1D}"
EndProject
Project("{FAE04EC0-301F-11D3-BF4B-00C04F79EFBC}") = "Microbit.CPA.Android", "Microbit.CPA\Microbit.CPA.Android\Microbit.CPA.Android.csproj", "{4FBC2ACC-95B7-4DE5-8564-EE90312A8B8B}"
EndProject
Project("{FAE04EC0-301F-11D3-BF4B-00C04F79EFBC}") = "Microbit.CPA.iOS", "Microbit.CPA\Microbit.CPA.iOS\Microbit.CPA.iOS.csproj", "{8DC08608-FB2A-4098-BB7D-C69DDE930880}"
EndProject
Project("{FAE04EC0-301F-11D3-BF4B-00C04F79EFBC}") = "Microbit.CPA.UWP", "Microbit.CPA\Microbit.CPA.UWP\Microbit.CPA.UWP.csproj", "{F06C8CC1-4ADC-4B5D-8B49-C38F88BFA6FB}"
EndProject
Global
	GlobalSection(SharedMSBuildProjectFiles) = preSolution
		Microbit.CPA\Microbit.CPA\Microbit.CPA.projitems*{4fbc2acc-95b7-4de5-8564-ee90312a8b8b}*SharedItemsImports = 4
		Microbit.CPA\Microbit.CPA\Microbit.CPA.projitems*{7baec4df-57eb-4357-a1f4-65aec696ad1d}*SharedItemsImports = 13
		Microbit.CPA\Microbit.CPA\Microbit.CPA.projitems*{8dc08608-fb2a-4098-bb7d-c69dde930880}*SharedItemsImports = 4
		Microbit.CPA\Microbit.CPA\Microbit.CPA.projitems*{f06c8cc1-4adc-4b5d-8b49-c38f88bfa6fb}*SharedItemsImports = 4
	EndGlobalSection
	GlobalSection(SolutionConfigurationPlatforms) = preSolution
		Ad-Hoc|Any CPU = Ad-Hoc|Any CPU
		Ad-Hoc|ARM = Ad-Hoc|ARM
		Ad-Hoc|iPhone = Ad-Hoc|iPhone
		Ad-Hoc|iPhoneSimulator = Ad-Hoc|iPhoneSimulator
		Ad-Hoc|x64 = Ad-Hoc|x64
		Ad-Hoc|x86 = Ad-Hoc|x86
		AppStore|Any CPU = AppStore|Any CPU
		AppStore|ARM = AppStore|ARM
		AppStore|iPhone = AppStore|iPhone
		AppStore|iPhoneSimulator = AppStore|iPhoneSimulator
		AppStore|x64 = AppStore|x64
		AppStore|x86 = AppStore|x86
		Debug|Any CPU = Debug|Any CPU
		Debug|ARM = Debug|ARM
		Debug|iPhone = Debug|iPhone
		Debug|iPhoneSimulator = Debug|iPhoneSimulator
		Debug|x64 = Debug|x64
		Debug|x86 = Debug|x86
		Release|Any CPU = Release|Any CPU
		Release|ARM = Release|ARM
		Release|iPhone = Release|iPhone
		Release|iPhoneSimulator = Release|iPhoneSimulator
		Release|x64 = Release|x64
		Release|x86 = Release|x86
	EndGlobalSection
	GlobalSection(ProjectConfigurationPlatforms) = postSolution
		{4FBC2ACC-95B7-4DE5-8564-EE90312A8B8B}.Ad-Hoc|Any CPU.ActiveCfg = Release|Any CPU
		{4FBC2ACC-95B7-4DE5-8564-EE90312A8B8B}.Ad-Hoc|Any CPU.Build.0 = Release|Any CPU
		{4FBC2ACC-95B7-4DE5-8564-EE90312A8B8B}.Ad-Hoc|Any CPU.Deploy.0 = Release|Any CPU
		{4FBC2ACC-95B7-4DE5-8564-EE90312A8B8B}.Ad-Hoc|ARM.ActiveCfg = Release|Any CPU
		{4FBC2ACC-95B7-4DE5-8564-EE90312A8B8B}.Ad-Hoc|ARM.Build.0 = Release|Any CPU
		{4FBC2ACC-95B7-4DE5-8564-EE90312A8B8B}.Ad-Hoc|ARM.Deploy.0 = Release|Any CPU
		{4FBC2ACC-95B7-4DE5-8564-EE90312A8B8B}.Ad-Hoc|iPhone.ActiveCfg = Release|Any CPU
		{4FBC2ACC-95B7-4DE5-8564-EE90312A8B8B}.Ad-Hoc|iPhone.Build.0 = Release|Any CPU
		{4FBC2ACC-95B7-4DE5-8564-EE90312A8B8B}.Ad-Hoc|iPhone.Deploy.0 = Release|Any CPU
		{4FBC2ACC-95B7-4DE5-8564-EE90312A8B8B}.Ad-Hoc|iPhoneSimulator.ActiveCfg = Release|Any CPU
		{4FBC2ACC-95B7-4DE5-8564-EE90312A8B8B}.Ad-Hoc|iPhoneSimulator.Build.0 = Release|Any CPU
		{4FBC2ACC-95B7-4DE5-8564-EE90312A8B8B}.Ad-Hoc|iPhoneSimulator.Deploy.0 = Release|Any CPU
		{4FBC2ACC-95B7-4DE5-8564-EE90312A8B8B}.Ad-Hoc|x64.ActiveCfg = Release|Any CPU
		{4FBC2ACC-95B7-4DE5-8564-EE90312A8B8B}.Ad-Hoc|x64.Build.0 = Release|Any CPU
		{4FBC2ACC-95B7-4DE5-8564-EE90312A8B8B}.Ad-Hoc|x64.Deploy.0 = Release|Any CPU
		{4FBC2ACC-95B7-4DE5-8564-EE90312A8B8B}.Ad-Hoc|x86.ActiveCfg = Release|Any CPU
		{4FBC2ACC-95B7-4DE5-8564-EE90312A8B8B}.Ad-Hoc|x86.Build.0 = Release|Any CPU
		{4FBC2ACC-95B7-4DE5-8564-EE90312A8B8B}.Ad-Hoc|x86.Deploy.0 = Release|Any CPU
		{4FBC2ACC-95B7-4DE5-8564-EE90312A8B8B}.AppStore|Any CPU.ActiveCfg = Release|Any CPU
		{4FBC2ACC-95B7-4DE5-8564-EE90312A8B8B}.AppStore|Any CPU.Build.0 = Release|Any CPU
		{4FBC2ACC-95B7-4DE5-8564-EE90312A8B8B}.AppStore|Any CPU.Deploy.0 = Release|Any CPU
		{4FBC2ACC-95B7-4DE5-8564-EE90312A8B8B}.AppStore|ARM.ActiveCfg = Release|Any CPU
		{4FBC2ACC-95B7-4DE5-8564-EE90312A8B8B}.AppStore|ARM.Build.0 = Release|Any CPU
		{4FBC2ACC-95B7-4DE5-8564-EE90312A8B8B}.AppStore|ARM.Deploy.0 = Release|Any CPU
		{4FBC2ACC-95B7-4DE5-8564-EE90312A8B8B}.AppStore|iPhone.ActiveCfg = Release|Any CPU
		{4FBC2ACC-95B7-4DE5-8564-EE90312A8B8B}.AppStore|iPhone.Build.0 = Release|Any CPU
		{4FBC2ACC-95B7-4DE5-8564-EE90312A8B8B}.AppStore|iPhone.Deploy.0 = Release|Any CPU
		{4FBC2ACC-95B7-4DE5-8564-EE90312A8B8B}.AppStore|iPhoneSimulator.ActiveCfg = Release|Any CPU
		{4FBC2ACC-95B7-4DE5-8564-EE90312A8B8B}.AppStore|iPhoneSimulator.Build.0 = Release|Any CPU
		{4FBC2ACC-95B7-4DE5-8564-EE90312A8B8B}.AppStore|iPhoneSimulator.Deploy.0 = Release|Any CPU
		{4FBC2ACC-95B7-4DE5-8564-EE90312A8B8B}.AppStore|x64.ActiveCfg = Release|Any CPU
		{4FBC2ACC-95B7-4DE5-8564-EE90312A8B8B}.AppStore|x64.Build.0 = Release|Any CPU
		{4FBC2ACC-95B7-4DE5-8564-EE90312A8B8B}.AppStore|x64.Deploy.0 = Release|Any CPU
		{4FBC2ACC-95B7-4DE5-8564-EE90312A8B8B}.AppStore|x86.ActiveCfg = Release|Any CPU
		{4FBC2ACC-95B7-4DE5-8564-EE90312A8B8B}.AppStore|x86.Build.0 = Release|Any CPU
		{4FBC2ACC-95B7-4DE5-8564-EE90312A8B8B}.AppStore|x86.Deploy.0 = Release|Any CPU
		{4FBC2ACC-95B7-4DE5-8564-EE90312A8B8B}.Debug|Any CPU.ActiveCfg = Debug|Any CPU
		{4FBC2ACC-95B7-4DE5-8564-EE90312A8B8B}.Debug|Any CPU.Build.0 = Debug|Any CPU
		{4FBC2ACC-95B7-4DE5-8564-EE90312A8B8B}.Debug|Any CPU.Deploy.0 = Debug|Any CPU
		{4FBC2ACC-95B7-4DE5-8564-EE90312A8B8B}.Debug|ARM.ActiveCfg = Debug|Any CPU
		{4FBC2ACC-95B7-4DE5-8564-EE90312A8B8B}.Debug|ARM.Build.0 = Debug|Any CPU
		{4FBC2ACC-95B7-4DE5-8564-EE90312A8B8B}.Debug|ARM.Deploy.0 = Debug|Any CPU
		{4FBC2ACC-95B7-4DE5-8564-EE90312A8B8B}.Debug|iPhone.ActiveCfg = Debug|Any CPU
		{4FBC2ACC-95B7-4DE5-8564-EE90312A8B8B}.Debug|iPhone.Build.0 = Debug|Any CPU
		{4FBC2ACC-95B7-4DE5-8564-EE90312A8B8B}.Debug|iPhone.Deploy.0 = Debug|Any CPU
		{4FBC2ACC-95B7-4DE5-8564-EE90312A8B8B}.Debug|iPhoneSimulator.ActiveCfg = Debug|Any CPU
		{4FBC2ACC-95B7-4DE5-8564-EE90312A8B8B}.Debug|iPhoneSimulator.Build.0 = Debug|Any CPU
		{4FBC2ACC-95B7-4DE5-8564-EE90312A8B8B}.Debug|iPhoneSimulator.Deploy.0 = Debug|Any CPU
		{4FBC2ACC-95B7-4DE5-8564-EE90312A8B8B}.Debug|x64.ActiveCfg = Debug|Any CPU
		{4FBC2ACC-95B7-4DE5-8564-EE90312A8B8B}.Debug|x64.Build.0 = Debug|Any CPU
		{4FBC2ACC-95B7-4DE5-8564-EE90312A8B8B}.Debug|x64.Deploy.0 = Debug|Any CPU
		{4FBC2ACC-95B7-4DE5-8564-EE90312A8B8B}.Debug|x86.ActiveCfg = Debug|Any CPU
		{4FBC2ACC-95B7-4DE5-8564-EE90312A8B8B}.Debug|x86.Build.0 = Debug|Any CPU
		{4FBC2ACC-95B7-4DE5-8564-EE90312A8B8B}.Debug|x86.Deploy.0 = Debug|Any CPU
		{4FBC2ACC-95B7-4DE5-8564-EE90312A8B8B}.Release|Any CPU.ActiveCfg = Release|Any CPU
		{4FBC2ACC-95B7-4DE5-8564-EE90312A8B8B}.Release|Any CPU.Build.0 = Release|Any CPU
		{4FBC2ACC-95B7-4DE5-8564-EE90312A8B8B}.Release|Any CPU.Deploy.0 = Release|Any CPU
		{4FBC2ACC-95B7-4DE5-8564-EE90312A8B8B}.Release|ARM.ActiveCfg = Release|Any CPU
		{4FBC2ACC-95B7-4DE5-8564-EE90312A8B8B}.Release|ARM.Build.0 = Release|Any CPU
		{4FBC2ACC-95B7-4DE5-8564-EE90312A8B8B}.Release|ARM.Deploy.0 = Release|Any CPU
		{4FBC2ACC-95B7-4DE5-8564-EE90312A8B8B}.Release|iPhone.ActiveCfg = Release|Any CPU
		{4FBC2ACC-95B7-4DE5-8564-EE90312A8B8B}.Release|iPhone.Build.0 = Release|Any CPU
		{4FBC2ACC-95B7-4DE5-8564-EE90312A8B8B}.Release|iPhone.Deploy.0 = Release|Any CPU
		{4FBC2ACC-95B7-4DE5-8564-EE90312A8B8B}.Release|iPhoneSimulator.ActiveCfg = Release|Any CPU
		{4FBC2ACC-95B7-4DE5-8564-EE90312A8B8B}.Release|iPhoneSimulator.Build.0 = Release|Any CPU
		{4FBC2ACC-95B7-4DE5-8564-EE90312A8B8B}.Release|iPhoneSimulator.Deploy.0 = Release|Any CPU
		{4FBC2ACC-95B7-4DE5-8564-EE90312A8B8B}.Release|x64.ActiveCfg = Release|Any CPU
		{4FBC2ACC-95B7-4DE5-8564-EE90312A8B8B}.Release|x64.Build.0 = Release|Any CPU
		{4FBC2ACC-95B7-4DE5-8564-EE90312A8B8B}.Release|x64.Deploy.0 = Release|Any CPU
		{4FBC2ACC-95B7-4DE5-8564-EE90312A8B8B}.Release|x86.ActiveCfg = Release|Any CPU
		{4FBC2ACC-95B7-4DE5-8564-EE90312A8B8B}.Release|x86.Build.0 = Release|Any CPU
		{4FBC2ACC-95B7-4DE5-8564-EE90312A8B8B}.Release|x86.Deploy.0 = Release|Any CPU
		{8DC08608-FB2A-4098-BB7D-C69DDE930880}.Ad-Hoc|Any CPU.ActiveCfg = Ad-Hoc|iPhone
		{8DC08608-FB2A-4098-BB7D-C69DDE930880}.Ad-Hoc|ARM.ActiveCfg = Ad-Hoc|iPhone
		{8DC08608-FB2A-4098-BB7D-C69DDE930880}.Ad-Hoc|iPhone.ActiveCfg = Ad-Hoc|iPhone
		{8DC08608-FB2A-4098-BB7D-C69DDE930880}.Ad-Hoc|iPhone.Build.0 = Ad-Hoc|iPhone
		{8DC08608-FB2A-4098-BB7D-C69DDE930880}.Ad-Hoc|iPhoneSimulator.ActiveCfg = Ad-Hoc|iPhoneSimulator
		{8DC08608-FB2A-4098-BB7D-C69DDE930880}.Ad-Hoc|iPhoneSimulator.Build.0 = Ad-Hoc|iPhoneSimulator
		{8DC08608-FB2A-4098-BB7D-C69DDE930880}.Ad-Hoc|x64.ActiveCfg = Ad-Hoc|iPhone
		{8DC08608-FB2A-4098-BB7D-C69DDE930880}.Ad-Hoc|x86.ActiveCfg = Ad-Hoc|iPhone
		{8DC08608-FB2A-4098-BB7D-C69DDE930880}.AppStore|Any CPU.ActiveCfg = AppStore|iPhone
		{8DC08608-FB2A-4098-BB7D-C69DDE930880}.AppStore|ARM.ActiveCfg = AppStore|iPhone
		{8DC08608-FB2A-4098-BB7D-C69DDE930880}.AppStore|iPhone.ActiveCfg = AppStore|iPhone
		{8DC08608-FB2A-4098-BB7D-C69DDE930880}.AppStore|iPhone.Build.0 = AppStore|iPhone
		{8DC08608-FB2A-4098-BB7D-C69DDE930880}.AppStore|iPhoneSimulator.ActiveCfg = AppStore|iPhoneSimulator
		{8DC08608-FB2A-4098-BB7D-C69DDE930880}.AppStore|iPhoneSimulator.Build.0 = AppStore|iPhoneSimulator
		{8DC08608-FB2A-4098-BB7D-C69DDE930880}.AppStore|x64.ActiveCfg = AppStore|iPhone
		{8DC08608-FB2A-4098-BB7D-C69DDE930880}.AppStore|x86.ActiveCfg = AppStore|iPhone
		{8DC08608-FB2A-4098-BB7D-C69DDE930880}.Debug|Any CPU.ActiveCfg = Debug|iPhone
		{8DC08608-FB2A-4098-BB7D-C69DDE930880}.Debug|ARM.ActiveCfg = Debug|iPhone
		{8DC08608-FB2A-4098-BB7D-C69DDE930880}.Debug|iPhone.ActiveCfg = Debug|iPhone
		{8DC08608-FB2A-4098-BB7D-C69DDE930880}.Debug|iPhone.Build.0 = Debug|iPhone
		{8DC08608-FB2A-4098-BB7D-C69DDE930880}.Debug|iPhoneSimulator.ActiveCfg = Debug|iPhoneSimulator
		{8DC08608-FB2A-4098-BB7D-C69DDE930880}.Debug|iPhoneSimulator.Build.0 = Debug|iPhoneSimulator
		{8DC08608-FB2A-4098-BB7D-C69DDE930880}.Debug|x64.ActiveCfg = Debug|iPhone
		{8DC08608-FB2A-4098-BB7D-C69DDE930880}.Debug|x86.ActiveCfg = Debug|iPhone
		{8DC08608-FB2A-4098-BB7D-C69DDE930880}.Release|Any CPU.ActiveCfg = Release|iPhone
		{8DC08608-FB2A-4098-BB7D-C69DDE930880}.Release|ARM.ActiveCfg = Release|iPhone
		{8DC08608-FB2A-4098-BB7D-C69DDE930880}.Release|iPhone.ActiveCfg = Release|iPhone
		{8DC08608-FB2A-4098-BB7D-C69DDE930880}.Release|iPhone.Build.0 = Release|iPhone
		{8DC08608-FB2A-4098-BB7D-C69DDE930880}.Release|iPhoneSimulator.ActiveCfg = Release|iPhoneSimulator
		{8DC08608-FB2A-4098-BB7D-C69DDE930880}.Release|iPhoneSimulator.Build.0 = Release|iPhoneSimulator
		{8DC08608-FB2A-4098-BB7D-C69DDE930880}.Release|x64.ActiveCfg = Release|iPhone
		{8DC08608-FB2A-4098-BB7D-C69DDE930880}.Release|x86.ActiveCfg = Release|iPhone
		{F06C8CC1-4ADC-4B5D-8B49-C38F88BFA6FB}.Ad-Hoc|Any CPU.ActiveCfg = Release|x86
		{F06C8CC1-4ADC-4B5D-8B49-C38F88BFA6FB}.Ad-Hoc|Any CPU.Build.0 = Release|x86
		{F06C8CC1-4ADC-4B5D-8B49-C38F88BFA6FB}.Ad-Hoc|Any CPU.Deploy.0 = Release|x86
		{F06C8CC1-4ADC-4B5D-8B49-C38F88BFA6FB}.Ad-Hoc|ARM.ActiveCfg = Release|ARM
		{F06C8CC1-4ADC-4B5D-8B49-C38F88BFA6FB}.Ad-Hoc|ARM.Build.0 = Release|ARM
		{F06C8CC1-4ADC-4B5D-8B49-C38F88BFA6FB}.Ad-Hoc|ARM.Deploy.0 = Release|ARM
		{F06C8CC1-4ADC-4B5D-8B49-C38F88BFA6FB}.Ad-Hoc|iPhone.ActiveCfg = Release|x86
		{F06C8CC1-4ADC-4B5D-8B49-C38F88BFA6FB}.Ad-Hoc|iPhone.Build.0 = Release|x86
		{F06C8CC1-4ADC-4B5D-8B49-C38F88BFA6FB}.Ad-Hoc|iPhone.Deploy.0 = Release|x86
		{F06C8CC1-4ADC-4B5D-8B49-C38F88BFA6FB}.Ad-Hoc|iPhoneSimulator.ActiveCfg = Release|x86
		{F06C8CC1-4ADC-4B5D-8B49-C38F88BFA6FB}.Ad-Hoc|iPhoneSimulator.Build.0 = Release|x86
		{F06C8CC1-4ADC-4B5D-8B49-C38F88BFA6FB}.Ad-Hoc|iPhoneSimulator.Deploy.0 = Release|x86
		{F06C8CC1-4ADC-4B5D-8B49-C38F88BFA6FB}.Ad-Hoc|x64.ActiveCfg = Release|x64
		{F06C8CC1-4ADC-4B5D-8B49-C38F88BFA6FB}.Ad-Hoc|x64.Build.0 = Release|x64
		{F06C8CC1-4ADC-4B5D-8B49-C38F88BFA6FB}.Ad-Hoc|x64.Deploy.0 = Release|x64
		{F06C8CC1-4ADC-4B5D-8B49-C38F88BFA6FB}.Ad-Hoc|x86.ActiveCfg = Release|x86
		{F06C8CC1-4ADC-4B5D-8B49-C38F88BFA6FB}.Ad-Hoc|x86.Build.0 = Release|x86
		{F06C8CC1-4ADC-4B5D-8B49-C38F88BFA6FB}.Ad-Hoc|x86.Deploy.0 = Release|x86
		{F06C8CC1-4ADC-4B5D-8B49-C38F88BFA6FB}.AppStore|Any CPU.ActiveCfg = Release|x86
		{F06C8CC1-4ADC-4B5D-8B49-C38F88BFA6FB}.AppStore|Any CPU.Build.0 = Release|x86
		{F06C8CC1-4ADC-4B5D-8B49-C38F88BFA6FB}.AppStore|Any CPU.Deploy.0 = Release|x86
		{F06C8CC1-4ADC-4B5D-8B49-C38F88BFA6FB}.AppStore|ARM.ActiveCfg = Release|ARM
		{F06C8CC1-4ADC-4B5D-8B49-C38F88BFA6FB}.AppStore|ARM.Build.0 = Release|ARM
		{F06C8CC1-4ADC-4B5D-8B49-C38F88BFA6FB}.AppStore|ARM.Deploy.0 = Release|ARM
		{F06C8CC1-4ADC-4B5D-8B49-C38F88BFA6FB}.AppStore|iPhone.ActiveCfg = Release|x86
		{F06C8CC1-4ADC-4B5D-8B49-C38F88BFA6FB}.AppStore|iPhone.Build.0 = Release|x86
		{F06C8CC1-4ADC-4B5D-8B49-C38F88BFA6FB}.AppStore|iPhone.Deploy.0 = Release|x86
		{F06C8CC1-4ADC-4B5D-8B49-C38F88BFA6FB}.AppStore|iPhoneSimulator.ActiveCfg = Release|x86
		{F06C8CC1-4ADC-4B5D-8B49-C38F88BFA6FB}.AppStore|iPhoneSimulator.Build.0 = Release|x86
		{F06C8CC1-4ADC-4B5D-8B49-C38F88BFA6FB}.AppStore|iPhoneSimulator.Deploy.0 = Release|x86
		{F06C8CC1-4ADC-4B5D-8B49-C38F88BFA6FB}.AppStore|x64.ActiveCfg = Release|x64
		{F06C8CC1-4ADC-4B5D-8B49-C38F88BFA6FB}.AppStore|x64.Build.0 = Release|x64
		{F06C8CC1-4ADC-4B5D-8B49-C38F88BFA6FB}.AppStore|x64.Deploy.0 = Release|x64
		{F06C8CC1-4ADC-4B5D-8B49-C38F88BFA6FB}.AppStore|x86.ActiveCfg = Release|x86
		{F06C8CC1-4ADC-4B5D-8B49-C38F88BFA6FB}.AppStore|x86.Build.0 = Release|x86
		{F06C8CC1-4ADC-4B5D-8B49-C38F88BFA6FB}.AppStore|x86.Deploy.0 = Release|x86
		{F06C8CC1-4ADC-4B5D-8B49-C38F88BFA6FB}.Debug|Any CPU.ActiveCfg = Debug|x86
		{F06C8CC1-4ADC-4B5D-8B49-C38F88BFA6FB}.Debug|ARM.ActiveCfg = Debug|ARM
		{F06C8CC1-4ADC-4B5D-8B49-C38F88BFA6FB}.Debug|ARM.Build.0 = Debug|ARM
		{F06C8CC1-4ADC-4B5D-8B49-C38F88BFA6FB}.Debug|ARM.Deploy.0 = Debug|ARM
		{F06C8CC1-4ADC-4B5D-8B49-C38F88BFA6FB}.Debug|iPhone.ActiveCfg = Debug|x86
		{F06C8CC1-4ADC-4B5D-8B49-C38F88BFA6FB}.Debug|iPhoneSimulator.ActiveCfg = Debug|x86
		{F06C8CC1-4ADC-4B5D-8B49-C38F88BFA6FB}.Debug|x64.ActiveCfg = Debug|x64
		{F06C8CC1-4ADC-4B5D-8B49-C38F88BFA6FB}.Debug|x64.Build.0 = Debug|x64
		{F06C8CC1-4ADC-4B5D-8B49-C38F88BFA6FB}.Debug|x64.Deploy.0 = Debug|x64
		{F06C8CC1-4ADC-4B5D-8B49-C38F88BFA6FB}.Debug|x86.ActiveCfg = Debug|x86
		{F06C8CC1-4ADC-4B5D-8B49-C38F88BFA6FB}.Debug|x86.Build.0 = Debug|x86
		{F06C8CC1-4ADC-4B5D-8B49-C38F88BFA6FB}.Debug|x86.Deploy.0 = Debug|x86
		{F06C8CC1-4ADC-4B5D-8B49-C38F88BFA6FB}.Release|Any CPU.ActiveCfg = Release|x86
		{F06C8CC1-4ADC-4B5D-8B49-C38F88BFA6FB}.Release|ARM.ActiveCfg = Release|ARM
		{F06C8CC1-4ADC-4B5D-8B49-C38F88BFA6FB}.Release|ARM.Build.0 = Release|ARM
		{F06C8CC1-4ADC-4B5D-8B49-C38F88BFA6FB}.Release|ARM.Deploy.0 = Release|ARM
		{F06C8CC1-4ADC-4B5D-8B49-C38F88BFA6FB}.Release|iPhone.ActiveCfg = Release|x86
		{F06C8CC1-4ADC-4B5D-8B49-C38F88BFA6FB}.Release|iPhoneSimulator.ActiveCfg = Release|x86
		{F06C8CC1-4ADC-4B5D-8B49-C38F88BFA6FB}.Release|x64.ActiveCfg = Release|x64
		{F06C8CC1-4ADC-4B5D-8B49-C38F88BFA6FB}.Release|x64.Build.0 = Release|x64
		{F06C8CC1-4ADC-4B5D-8B49-C38F88BFA6FB}.Release|x64.Deploy.0 = Release|x64
		{F06C8CC1-4ADC-4B5D-8B49-C38F88BFA6FB}.Release|x86.ActiveCfg = Release|x86
		{F06C8CC1-4ADC-4B5D-8B49-C38F88BFA6FB}.Release|x86.Build.0 = Release|x86
		{F06C8CC1-4ADC-4B5D-8B49-C38F88BFA6FB}.Release|x86.Deploy.0 = Release|x86
	EndGlobalSection
	GlobalSection(SolutionProperties) = preSolution
		HideSolutionNode = FALSE
	EndGlobalSection
EndGlobal
